<?xml version="1.0" encoding="utf-8"?>
<Project ToolsVersion="4.0" xmlns="http://schemas.microsoft.com/developer/msbuild/2003">
  <ItemGroup>
    <Filter Include="Source Files">
      <UniqueIdentifier>{4FC737F1-C7A5-4376-A066-2A32D752A2FF}</UniqueIdentifier>
      <Extensions>cpp;c;cc;cxx;c++;cppm;ixx;def;odl;idl;hpj;bat;asm;asmx</Extensions>
    </Filter>
    <Filter Include="Header Files">
      <UniqueIdentifier>{93995380-89BD-4b04-88EB-625FBE52EBFB}</UniqueIdentifier>
      <Extensions>h;hh;hpp;hxx;h++;hm;inl;inc;ipp;xsd</Extensions>
    </Filter>
    <Filter Include="Resource Files">
      <UniqueIdentifier>{67DA6AB6-F800-4c08-8B7A-83BB121AAD01}</UniqueIdentifier>
      <Extensions>rc;ico;cur;bmp;dlg;rc2;rct;bin;rgs;gif;jpg;jpeg;jpe;resx;tiff;tif;png;wav;mfcribbon-ms</Extensions>
    </Filter>
  </ItemGroup>
  <ItemGroup>
    <Image Include="00.png">
      <Filter>Resource Files</Filter>
    </Image>
    <Image Include="01.png">
      <Filter>Resource Files</Filter>
    </Image>
    <Image Include="02.png">
      <Filter>Resource Files</Filter>
    </Image>
    <Image Include="03.png">
      <Filter>Resource Files</Filter>
    </Image>
    <Image Include="10.png">
      <Filter>Resource Files</Filter>
    </Image>
    <Image Include="11.png">
      <Filter>Resource Files</Filter>
    </Image>
    <Image Include="12.png">
      <Filter>Resource Files</Filter>
    </Image>
    <Image Include="13.png">
      <Filter>Resource Files</Filter>
    </Image>
    <Image Include="20.png">
      <Filter>Resource Files</Filter>
    </Image>
    <Image Include="21.png">
      <Filter>Resource Files</Filter>
    </Image>
    <Image Include="22.png">
      <Filter>Resource Files</Filter>
    </Image>
    <Image Include="23.png">
      <Filter>Resource Files</Filter>
    </Image>
    <Image Include="30.png">
      <Filter>Resource Files</Filter>
    </Image>
    <Image Include="31.png">
      <Filter>Resource Files</Filter>
    </Image>
    <Image Include="32.png">
      <Filter>Resource Files</Filter>
    </Image>
    <Image Include="33.png">
      <Filter>Resource Files</Filter>
    </Image>
    <Image Include="40.png">
      <Filter>Resource Files</Filter>
    </Image>
    <Image Include="41.png">
      <Filter>Resource Files</Filter>
    </Image>
    <Image Include="42.png">
      <Filter>Resource Files</Filter>
    </Image>
    <Image Include="43.png">
      <Filter>Resource Files</Filter>
    </Image>
    <Image Include="50.png">
      <Filter>Resource Files</Filter>
    </Image>
    <Image Include="51.png">
      <Filter>Resource Files</Filter>
    </Image>
    <Image Include="52.png">
      <Filter>Resource Files</Filter>
    </Image>
    <Image Include="53.png">
      <Filter>Resource Files</Filter>
    </Image>
    <Image Include="60.png">
      <Filter>Resource Files</Filter>
    </Image>
    <Image Include="61.png">
      <Filter>Resource Files</Filter>
    </Image>
    <Image Include="62.png">
      <Filter>Resource Files</Filter>
    </Image>
    <Image Include="63.png">
      <Filter>Resource Files</Filter>
    </Image>
    <Image Include="70.png">
      <Filter>Resource Files</Filter>
    </Image>
    <Image Include="71.png">
      <Filter>Resource Files</Filter>
    </Image>
    <Image Include="72.png">
      <Filter>Resource Files</Filter>
    </Image>
    <Image Include="73.png">
      <Filter>Resource Files</Filter>
    </Image>
    <Image Include="80.png">
      <Filter>Resource Files</Filter>
    </Image>
    <Image Include="81.png">
      <Filter>Resource Files</Filter>
    </Image>
    <Image Include="82.png">
      <Filter>Resource Files</Filter>
    </Image>
    <Image Include="83.png">
      <Filter>Resource Files</Filter>
    </Image>
    <Image Include="90.png">
      <Filter>Resource Files</Filter>
    </Image>
    <Image Include="91.png">
      <Filter>Resource Files</Filter>
    </Image>
    <Image Include="92.png">
      <Filter>Resource Files</Filter>
    </Image>
    <Image Include="93.png">
      <Filter>Resource Files</Filter>
    </Image>
    <Image Include="100.png">
      <Filter>Resource Files</Filter>
    </Image>
    <Image Include="101.png">
      <Filter>Resource Files</Filter>
    </Image>
    <Image Include="102.png">
      <Filter>Resource Files</Filter>
    </Image>
    <Image Include="103.png">
      <Filter>Resource Files</Filter>
    </Image>
    <Image Include="110.png">
      <Filter>Resource Files</Filter>
    </Image>
    <Image Include="111.png">
      <Filter>Resource Files</Filter>
    </Image>
    <Image Include="112.png">
      <Filter>Resource Files</Filter>
    </Image>
    <Image Include="113.png">
      <Filter>Resource Files</Filter>
    </Image>
    <Image Include="120.png">
      <Filter>Resource Files</Filter>
    </Image>
    <Image Include="121.png">
      <Filter>Resource Files</Filter>
    </Image>
    <Image Include="122.png">
      <Filter>Resource Files</Filter>
    </Image>
    <Image Include="123.png">
      <Filter>Resource Files</Filter>
    </Image>
    <Image Include="blueTable.png">
      <Filter>Resource Files</Filter>
    </Image>
    <Image Include="card2.png">
      <Filter>Resource Files</Filter>
    </Image>
    <Image Include="loading.png">
      <Filter>Resource Files</Filter>
    </Image>
    <Image Include="menu.png">
      <Filter>Resource Files</Filter>
    </Image>
    <Image Include="shade.png">
      <Filter>Resource Files</Filter>
    </Image>
    <Image Include="table.png">
      <Filter>Resource Files</Filter>
    </Image>
    <Image Include="TimesNewRomanFont01.png">
      <Filter>Resource Files</Filter>
    </Image>
  </ItemGroup>
  <ItemGroup>
    <ClCompile Include="Blackjack_Simulator.cpp">
      <Filter>Source Files</Filter>
    </ClCompile>
    <ClCompile Include="Deck.cpp">
      <Filter>Source Files</Filter>
    </ClCompile>
    <ClCompile Include="DrawingUtilNG.cpp">
      <Filter>Source Files</Filter>
    </ClCompile>
    <ClCompile Include="fssimplewindow.cpp">
      <Filter>Source Files</Filter>
    </ClCompile>
    <ClCompile Include="Game.cpp">
      <Filter>Source Files</Filter>
    </ClCompile>
    <ClCompile Include="gameManager.cpp">
      <Filter>Source Files</Filter>
    </ClCompile>
    <ClCompile Include="GraphicFont.cpp">
      <Filter>Source Files</Filter>
    </ClCompile>
    <ClCompile Include="Hand.cpp">
      <Filter>Source Files</Filter>
    </ClCompile>
    <ClCompile Include="Player.cpp">
      <Filter>Source Files</Filter>
    </ClCompile>
    <ClCompile Include="Source.cpp">
      <Filter>Source Files</Filter>
    </ClCompile>
    <ClCompile Include="StringPlus.cpp">
      <Filter>Source Files</Filter>
    </ClCompile>
    <ClCompile Include="ysglfontdata.c">
      <Filter>Source Files</Filter>
    </ClCompile>
    <ClCompile Include="yspng.cpp">
      <Filter>Source Files</Filter>
    </ClCompile>
    <ClCompile Include="yssimplesound.cpp">
      <Filter>Source Files</Filter>
    </ClCompile>
    <ClCompile Include="yssimplesound_dsound.cpp">
      <Filter>Source Files</Filter>
    </ClCompile>
  </ItemGroup>
  <ItemGroup>
    <Media Include="Chips.wav">
      <Filter>Resource Files</Filter>
    </Media>
    <Media Include="Deal.wav">
      <Filter>Resource Files</Filter>
    </Media>
    <Media Include="shuffle.wav">
      <Filter>Resource Files</Filter>
    </Media>
  </ItemGroup>
  <ItemGroup>
    <ClInclude Include="Deck.h">
      <Filter>Header Files</Filter>
    </ClInclude>
    <ClInclude Include="DrawingUtilNG.h">
      <Filter>Header Files</Filter>
    </ClInclude>
    <ClInclude Include="fssimplewindow.h">
      <Filter>Header Files</Filter>
    </ClInclude>
    <ClInclude Include="Game.h">
      <Filter>Header Files</Filter>
    </ClInclude>
    <ClInclude Include="gameManager.h">
      <Filter>Header Files</Filter>
    </ClInclude>
    <ClInclude Include="GraphicFont.h">
      <Filter>Header Files</Filter>
    </ClInclude>
    <ClInclude Include="Hand.h">
      <Filter>Header Files</Filter>
    </ClInclude>
    <ClInclude Include="Player.h">
      <Filter>Header Files</Filter>
    </ClInclude>
    <ClInclude Include="StringPlus.h">
      <Filter>Header Files</Filter>
    </ClInclude>
    <ClInclude Include="ysglfontdata.h">
      <Filter>Header Files</Filter>
    </ClInclude>
    <ClInclude Include="yspng.h">
      <Filter>Header Files</Filter>
    </ClInclude>
    <ClInclude Include="yssimplesound.h">
      <Filter>Header Files</Filter>
    </ClInclude>
  </ItemGroup>
  <ItemGroup>
    <Text Include="TimesNewRomanFont01.txt" />
  </ItemGroup>
</Project>